// !$*UTF8*$!
{
	archiveVersion = 1;
	classes = {
	};
	objectVersion = 50;
	objects = {

/* Begin PBXBuildFile section */
		A65EBDAC22AC3CA900FDF067 /* bai3.swift in Sources */ = {isa = PBXBuildFile; fileRef = A65EBDAB22AC3CA900FDF067 /* bai3.swift */; };
		A65EBDAE22AC42BE00FDF067 /* bai4.swift in Sources */ = {isa = PBXBuildFile; fileRef = A65EBDAD22AC42BE00FDF067 /* bai4.swift */; };
		A6ADFD9422ABA297001CE383 /* main.swift in Sources */ = {isa = PBXBuildFile; fileRef = A6ADFD9322ABA297001CE383 /* main.swift */; };
		A6ADFD9B22ABA2A6001CE383 /* bai1.swift in Sources */ = {isa = PBXBuildFile; fileRef = A6ADFD9A22ABA2A6001CE383 /* bai1.swift */; };
		A6ADFD9D22ABCD7E001CE383 /* bai2.swift in Sources */ = {isa = PBXBuildFile; fileRef = A6ADFD9C22ABCD7E001CE383 /* bai2.swift */; };
/* End PBXBuildFile section */

/* Begin PBXCopyFilesBuildPhase section */
		A6ADFD8E22ABA297001CE383 /* CopyFiles */ = {
			isa = PBXCopyFilesBuildPhase;
			buildActionMask = 2147483647;
			dstPath = /usr/share/man/man1/;
			dstSubfolderSpec = 0;
			files = (
			);
			runOnlyForDeploymentPostprocessing = 1;
		};
/* End PBXCopyFilesBuildPhase section */

/* Begin PBXFileReference section */
		A65EBDAB22AC3CA900FDF067 /* bai3.swift */ = {isa = PBXFileReference; lastKnownFileType = sourcecode.swift; path = bai3.swift; sourceTree = "<group>"; };
		A65EBDAD22AC42BE00FDF067 /* bai4.swift */ = {isa = PBXFileReference; lastKnownFileType = sourcecode.swift; path = bai4.swift; sourceTree = "<group>"; };
		A6ADFD9022ABA297001CE383 /* BaiTapMatrix */ = {isa = PBXFileReference; explicitFileType = "compiled.mach-o.executable"; includeInIndex = 0; path = BaiTapMatrix; sourceTree = BUILT_PRODUCTS_DIR; };
		A6ADFD9322ABA297001CE383 /* main.swift */ = {isa = PBXFileReference; lastKnownFileType = sourcecode.swift; path = main.swift; sourceTree = "<group>"; };
		A6ADFD9A22ABA2A6001CE383 /* bai1.swift */ = {isa = PBXFileReference; lastKnownFileType = sourcecode.swift; path = bai1.swift; sourceTree = "<group>"; };
		A6ADFD9C22ABCD7E001CE383 /* bai2.swift */ = {isa = PBXFileReference; lastKnownFileType = sourcecode.swift; path = bai2.swift; sourceTree = "<group>"; };
/* End PBXFileReference section */

/* Begin PBXFrameworksBuildPhase section */
		A6ADFD8D22ABA297001CE383 /* Frameworks */ = {
			isa = PBXFrameworksBuildPhase;
			buildActionMask = 2147483647;
			files = (
			);
			runOnlyForDeploymentPostprocessing = 0;
		};
/* End PBXFrameworksBuildPhase section */

/* Begin PBXGroup section */
		A6ADFD8722ABA297001CE383 = {
			isa = PBXGroup;
			children = (
				A6ADFD9222ABA297001CE383 /* BaiTapMatrix */,
				A6ADFD9122ABA297001CE383 /* Products */,
			);
			sourceTree = "<group>";
		};
		A6ADFD9122ABA297001CE383 /* Products */ = {
			isa = PBXGroup;
			children = (
				A6ADFD9022ABA297001CE383 /* BaiTapMatrix */,
			);
			name = Products;
			sourceTree = "<group>";
		};
		A6ADFD9222ABA297001CE383 /* BaiTapMatrix */ = {
			isa = PBXGroup;
			children = (
				A6ADFD9322ABA297001CE383 /* main.swift */,
				A6ADFD9A22ABA2A6001CE383 /* bai1.swift */,
				A6ADFD9C22ABCD7E001CE383 /* bai2.swift */,
				A65EBDAB22AC3CA900FDF067 /* bai3.swift */,
				A65EBDAD22AC42BE00FDF067 /* bai4.swift */,
			);
			path = BaiTapMatrix;
			sourceTree = "<group>";
		};
/* End PBXGroup section */

/* Begin PBXNativeTarget section */
		A6ADFD8F22ABA297001CE383 /* BaiTapMatrix */ = {
			isa = PBXNativeTarget;
			buildConfigurationList = A6ADFD9722ABA297001CE383 /* Build configuration list for PBXNativeTarget "BaiTapMatrix" */;
			buildPhases = (
				A6ADFD8C22ABA297001CE383 /* Sources */,
				A6ADFD8D22ABA297001CE383 /* Frameworks */,
				A6ADFD8E22ABA297001CE383 /* CopyFiles */,
			);
			buildRules = (
			);
			dependencies = (
			);
			name = BaiTapMatrix;
			productName = BaiTapMatrix;
			productReference = A6ADFD9022ABA297001CE383 /* BaiTapMatrix */;
			productType = "com.apple.product-type.tool";
		};
/* End PBXNativeTarget section */

/* Begin PBXProject section */
		A6ADFD8822ABA297001CE383 /* Project object */ = {
			isa = PBXProject;
			attributes = {
				LastSwiftUpdateCheck = 1020;
				LastUpgradeCheck = 1020;
				ORGANIZATIONNAME = Tung;
				TargetAttributes = {
					A6ADFD8F22ABA297001CE383 = {
						CreatedOnToolsVersion = 10.2.1;
					};
				};
			};
			buildConfigurationList = A6ADFD8B22ABA297001CE383 /* Build configuration list for PBXProject "BaiTapMatrix" */;
			compatibilityVersion = "Xcode 9.3";
			developmentRegion = en;
			hasScannedForEncodings = 0;
			knownRegions = (
				en,
			);
			mainGroup = A6ADFD8722ABA297001CE383;
			productRefGroup = A6ADFD9122ABA297001CE383 /* Products */;
			projectDirPath = "";
			projectRoot = "";
			targets = (
				A6ADFD8F22ABA297001CE383 /* BaiTapMatrix */,
			);
		};
/* End PBXProject section */

/* Begin PBXSourcesBuildPhase section */
		A6ADFD8C22ABA297001CE383 /* Sources */ = {
			isa = PBXSourcesBuildPhase;
			buildActionMask = 2147483647;
			files = (
				A65EBDAC22AC3CA900FDF067 /* bai3.swift in Sources */,
				A6ADFD9D22ABCD7E001CE383 /* bai2.swift in Sources */,
				A6ADFD9B22ABA2A6001CE383 /* bai1.swift in Sources */,
				A6ADFD9422ABA297001CE383 /* main.swift in Sources */,
				A65EBDAE22AC42BE00FDF067 /* bai4.swift in Sources */,
			);
			runOnlyForDeploymentPostprocessing = 0;
		};
/* End PBXSourcesBuildPhase section */

/* Begin XCBuildConfiguration section */
		A6ADFD9522ABA297001CE383 /* Debug */ = {
			isa = XCBuildConfiguration;
			buildSettings = {
				ALWAYS_SEARCH_USER_PATHS = NO;
				CLANG_ANALYZER_NONNULL = YES;
				CLANG_ANALYZER_NUMBER_OBJECT_CONVERSION = YES_AGGRESSIVE;
				CLANG_CXX_LANGUAGE_STANDARD = "gnu++14";
				CLANG_CXX_LIBRARY = "libc++";
				CLANG_ENABLE_MODULES = YES;
				CLANG_ENABLE_OBJC_ARC = YES;
				CLANG_ENABLE_OBJC_WEAK = YES;
				CLANG_WARN_BLOCK_CAPTURE_AUTORELEASING = YES;
				CLANG_WARN_BOOL_CONVERSION = YES;
				CLANG_WARN_COMMA = YES;
				CLANG_WARN_CONSTANT_CONVERSION = YES;
				CLANG_WARN_DEPRECATED_OBJC_IMPLEMENTATIONS = YES;
				CLANG_WARN_DIRECT_OBJC_ISA_USAGE = YES_ERROR;
				CLANG_WARN_DOCUMENTATION_COMMENTS = YES;
				CLANG_WARN_EMPTY_BODY = YES;
				CLANG_WARN_ENUM_CONVERSION = YES;
				CLANG_WARN_INFINITE_RECURSION = YES;
				CLANG_WARN_INT_CONVERSION = YES;
				CLANG_WARN_NON_LITERAL_NULL_CONVERSION = YES;
				CLANG_WARN_OBJC_IMPLICIT_RETAIN_SELF = YES;
				CLANG_WARN_OBJC_LITERAL_CONVERSION = YES;
				CLANG_WARN_OBJC_ROOT_CLASS = YES_ERROR;
				CLANG_WARN_RANGE_LOOP_ANALYSIS = YES;
				CLANG_WARN_STRICT_PROTOTYPES = YES;
				CLANG_WARN_SUSPICIOUS_MOVE = YES;
				CLANG_WARN_UNGUARDED_AVAILABILITY = YES_AGGRESSIVE;
				CLANG_WARN_UNREACHABLE_CODE = YES;
				CLANG_WARN__DUPLICATE_METHOD_MATCH = YES;
				CODE_SIGN_IDENTITY = "-";
				COPY_PHASE_STRIP = NO;
				DEBUG_INFORMATION_FORMAT = dwarf;
				ENABLE_STRICT_OBJC_MSGSEND = YES;
				ENABLE_TESTABILITY = YES;
				GCC_C_LANGUAGE_STANDARD = gnu11;
				GCC_DYNAMIC_NO_PIC = NO;
				GCC_NO_COMMON_BLOCKS = YES;
				GCC_OPTIMIZATION_LEVEL = 0;
				GCC_PREPROCESSOR_DEFINITIONS = (
					"DEBUG=1",
					"$(inherited)",
				);
				GCC_WARN_64_TO_32_BIT_CONVERSION = YES;
				GCC_WARN_ABOUT_RETURN_TYPE = YES_ERROR;
				GCC_WARN_UNDECLARED_SELECTOR = YES;
				GCC_WARN_UNINITIALIZED_AUTOS = YES_AGGRESSIVE;
				GCC_WARN_UNUSED_FUNCTION = YES;
				GCC_WARN_UNUSED_VARIABLE = YES;
				MACOSX_DEPLOYMENT_TARGET = 10.14;
				MTL_ENABLE_DEBUG_INFO = INCLUDE_SOURCE;
				MTL_FAST_MATH = YES;
				ONLY_ACTIVE_ARCH = YES;
				SDKROOT = macosx;
				SWIFT_ACTIVE_COMPILATION_CONDITIONS = DEBUG;
				SWIFT_OPTIMIZATION_LEVEL = "-Onone";
			};
			name = Debug;
		};
		A6ADFD9622ABA297001CE383 /* Release */ = {
			isa = XCBuildConfiguration;
			buildSettings = {
				ALWAYS_SEARCH_USER_PATHS = NO;
				CLANG_ANALYZER_NONNULL = YES;
				CLANG_ANALYZER_NUMBER_OBJECT_CONVERSION = YES_AGGRESSIVE;
				CLANG_CXX_LANGUAGE_STANDARD = "gnu++14";
				CLANG_CXX_LIBRARY = "libc++";
				CLANG_ENABLE_MODULES = YES;
				CLANG_ENABLE_OBJC_ARC = YES;
				CLANG_ENABLE_OBJC_WEAK = YES;
				CLANG_WARN_BLOCK_CAPTURE_AUTORELEASING = YES;
				CLANG_WARN_BOOL_CONVERSION = YES;
				CLANG_WARN_COMMA = YES;
				CLANG_WARN_CONSTANT_CONVERSION = YES;
				CLANG_WARN_DEPRECATED_OBJC_IMPLEMENTATIONS = YES;
				CLANG_WARN_DIRECT_OBJC_ISA_USAGE = YES_ERROR;
				CLANG_WARN_DOCUMENTATION_COMMENTS = YES;
				CLANG_WARN_EMPTY_BODY = YES;
				CLANG_WARN_ENUM_CONVERSION = YES;
				CLANG_WARN_INFINITE_RECURSION = YES;
				CLANG_WARN_INT_CONVERSION = YES;
				CLANG_WARN_NON_LITERAL_NULL_CONVERSION = YES;
				CLANG_WARN_OBJC_IMPLICIT_RETAIN_SELF = YES;
				CLANG_WARN_OBJC_LITERAL_CONVERSION = YES;
				CLANG_WARN_OBJC_ROOT_CLASS = YES_ERROR;
				CLANG_WARN_RANGE_LOOP_ANALYSIS = YES;
				CLANG_WARN_STRICT_PROTOTYPES = YES;
				CLANG_WARN_SUSPICIOUS_MOVE = YES;
				CLANG_WARN_UNGUARDED_AVAILABILITY = YES_AGGRESSIVE;
				CLANG_WARN_UNREACHABLE_CODE = YES;
				CLANG_WARN__DUPLICATE_METHOD_MATCH = YES;
				CODE_SIGN_IDENTITY = "-";
				COPY_PHASE_STRIP = NO;
				DEBUG_INFORMATION_FORMAT = "dwarf-with-dsym";
				ENABLE_NS_ASSERTIONS = NO;
				ENABLE_STRICT_OBJC_MSGSEND = YES;
				GCC_C_LANGUAGE_STANDARD = gnu11;
				GCC_NO_COMMON_BLOCKS = YES;
				GCC_WARN_64_TO_32_BIT_CONVERSION = YES;
				GCC_WARN_ABOUT_RETURN_TYPE = YES_ERROR;
				GCC_WARN_UNDECLARED_SELECTOR = YES;
				GCC_WARN_UNINITIALIZED_AUTOS = YES_AGGRESSIVE;
				GCC_WARN_UNUSED_FUNCTION = YES;
				GCC_WARN_UNUSED_VARIABLE = YES;
				MACOSX_DEPLOYMENT_TARGET = 10.14;
				MTL_ENABLE_DEBUG_INFO = NO;
				MTL_FAST_MATH = YES;
				SDKROOT = macosx;
				SWIFT_COMPILATION_MODE = wholemodule;
				SWIFT_OPTIMIZATION_LEVEL = "-O";
			};
			name = Release;
		};
		A6ADFD9822ABA297001CE383 /* Debug */ = {
			isa = XCBuildConfiguration;
			buildSettings = {
				CODE_SIGN_STYLE = Automatic;
				PRODUCT_NAME = "$(TARGET_NAME)";
				SWIFT_VERSION = 5.0;
			};
			name = Debug;
		};
		A6ADFD9922ABA297001CE383 /* Release */ = {
			isa = XCBuildConfiguration;
			buildSettings = {
				CODE_SIGN_STYLE = Automatic;
				PRODUCT_NAME = "$(TARGET_NAME)";
				SWIFT_VERSION = 5.0;
			};
			name = Release;
		};
/* End XCBuildConfiguration section */

/* Begin XCConfigurationList section */
		A6ADFD8B22ABA297001CE383 /* Build configuration list for PBXProject "BaiTapMatrix" */ = {
			isa = XCConfigurationList;
			buildConfigurations = (
				A6ADFD9522ABA297001CE383 /* Debug */,
				A6ADFD9622ABA297001CE383 /* Release */,
			);
			defaultConfigurationIsVisible = 0;
			defaultConfigurationName = Release;
		};
		A6ADFD9722ABA297001CE383 /* Build configuration list for PBXNativeTarget "BaiTapMatrix" */ = {
			isa = XCConfigurationList;
			buildConfigurations = (
				A6ADFD9822ABA297001CE383 /* Debug */,
				A6ADFD9922ABA297001CE383 /* Release */,
			);
			defaultConfigurationIsVisible = 0;
			defaultConfigurationName = Release;
		};
/* End XCConfigurationList section */
	};
	rootObject = A6ADFD8822ABA297001CE383 /* Project object */;
}
